
Microsoft Visual Studio Solution File, Format Version 12.00
# Visual Studio 15
VisualStudioVersion = 15.0.27703.2042
MinimumVisualStudioVersion = 10.0.40219.1
Project("{FAE04EC0-301F-11D3-BF4B-00C04F79EFBC}") = "Medihelp.Graph.Api", "Medihelp.Graph\Medihelp.Graph.Api.csproj", "{72478C99-28DB-4C50-8CC6-A30AEAB8FD15}"
EndProject
Project("{FAE04EC0-301F-11D3-BF4B-00C04F79EFBC}") = "Medihelp.Graph.Core", "Medihelp.Graph.Core\Medihelp.Graph.Core.csproj", "{93C920B1-3C36-4B8E-8ECE-3DB7CD167C0E}"
EndProject
Project("{FAE04EC0-301F-11D3-BF4B-00C04F79EFBC}") = "Medihelp.Graph.Data", "Medihelp.Graph.Data\Medihelp.Graph.Data.csproj", "{DDFBFDD2-A232-481F-A1B9-04676750B621}"
EndProject
Global
	GlobalSection(SolutionConfigurationPlatforms) = preSolution
		Debug|Any CPU = Debug|Any CPU
		Release|Any CPU = Release|Any CPU
	EndGlobalSection
	GlobalSection(ProjectConfigurationPlatforms) = postSolution
		{72478C99-28DB-4C50-8CC6-A30AEAB8FD15}.Debug|Any CPU.ActiveCfg = Debug|Any CPU
		{72478C99-28DB-4C50-8CC6-A30AEAB8FD15}.Debug|Any CPU.Build.0 = Debug|Any CPU
		{72478C99-28DB-4C50-8CC6-A30AEAB8FD15}.Release|Any CPU.ActiveCfg = Release|Any CPU
		{72478C99-28DB-4C50-8CC6-A30AEAB8FD15}.Release|Any CPU.Build.0 = Release|Any CPU
		{93C920B1-3C36-4B8E-8ECE-3DB7CD167C0E}.Debug|Any CPU.ActiveCfg = Debug|Any CPU
		{93C920B1-3C36-4B8E-8ECE-3DB7CD167C0E}.Debug|Any CPU.Build.0 = Debug|Any CPU
		{93C920B1-3C36-4B8E-8ECE-3DB7CD167C0E}.Release|Any CPU.ActiveCfg = Release|Any CPU
		{93C920B1-3C36-4B8E-8ECE-3DB7CD167C0E}.Release|Any CPU.Build.0 = Release|Any CPU
		{DDFBFDD2-A232-481F-A1B9-04676750B621}.Debug|Any CPU.ActiveCfg = Debug|Any CPU
		{DDFBFDD2-A232-481F-A1B9-04676750B621}.Debug|Any CPU.Build.0 = Debug|Any CPU
		{DDFBFDD2-A232-481F-A1B9-04676750B621}.Release|Any CPU.ActiveCfg = Release|Any CPU
		{DDFBFDD2-A232-481F-A1B9-04676750B621}.Release|Any CPU.Build.0 = Release|Any CPU
	EndGlobalSection
	GlobalSection(SolutionProperties) = preSolution
		HideSolutionNode = FALSE
	EndGlobalSection
	GlobalSection(ExtensibilityGlobals) = postSolution
		SolutionGuid = {AFAA7B24-12D8-489F-B9A8-3E7BDDBFDE3B}
	EndGlobalSection
EndGlobal
